
Microsoft Visual Studio Solution File, Format Version 12.00
# Visual Studio Version 17
VisualStudioVersion = 17.13.35931.197
MinimumVisualStudioVersion = 10.0.40219.1
Project("{FAE04EC0-301F-11D3-BF4B-00C04F79EFBC}") = "HackerNewsFeed", "HackerNewsFeed.csproj", "{6CFB59F6-0C4D-96BF-BEB9-76B31D8D7EC4}"
EndProject
Project("{FAE04EC0-301F-11D3-BF4B-00C04F79EFBC}") = "HackerAPITest.Tests", "..\HackerAPITest.Tests\HackerAPITest.Tests.csproj", "{67A8BFB5-70AE-8E68-7E9B-46BA8AF05A68}"
EndProject
Global
	GlobalSection(SolutionConfigurationPlatforms) = preSolution
		Debug|Any CPU = Debug|Any CPU
		Release|Any CPU = Release|Any CPU
	EndGlobalSection
	GlobalSection(ProjectConfigurationPlatforms) = postSolution
		{6CFB59F6-0C4D-96BF-BEB9-76B31D8D7EC4}.Debug|Any CPU.ActiveCfg = Debug|Any CPU
		{6CFB59F6-0C4D-96BF-BEB9-76B31D8D7EC4}.Debug|Any CPU.Build.0 = Debug|Any CPU
		{6CFB59F6-0C4D-96BF-BEB9-76B31D8D7EC4}.Release|Any CPU.ActiveCfg = Release|Any CPU
		{6CFB59F6-0C4D-96BF-BEB9-76B31D8D7EC4}.Release|Any CPU.Build.0 = Release|Any CPU
		{67A8BFB5-70AE-8E68-7E9B-46BA8AF05A68}.Debug|Any CPU.ActiveCfg = Debug|Any CPU
		{67A8BFB5-70AE-8E68-7E9B-46BA8AF05A68}.Debug|Any CPU.Build.0 = Debug|Any CPU
		{67A8BFB5-70AE-8E68-7E9B-46BA8AF05A68}.Release|Any CPU.ActiveCfg = Release|Any CPU
		{67A8BFB5-70AE-8E68-7E9B-46BA8AF05A68}.Release|Any CPU.Build.0 = Release|Any CPU
	EndGlobalSection
	GlobalSection(SolutionProperties) = preSolution
		HideSolutionNode = FALSE
	EndGlobalSection
	GlobalSection(ExtensibilityGlobals) = postSolution
		SolutionGuid = {CFBACED8-A5A2-427C-A10E-15845FA3D787}
	EndGlobalSection
EndGlobal
